<?xml version="1.0" encoding="UTF-8"?>
<!DOCTYPE plist PUBLIC "-//Apple//DTD PLIST 1.0//EN" "http://www.apple.com/DTDs/PropertyList-1.0.dtd">
<plist version="1.0">
<dict>
	<key>archiveVersion</key>
	<string>1</string>
	<key>classes</key>
	<dict/>
	<key>objectVersion</key>
	<string>56</string>
	<key>objects</key>
	<dict>
		<key>75B026537BEE8AD767634C3C</key>
		<dict>
			<key>isa</key>
			<string>PBXFileReference</string>
			<key>path</key>
			<string>Sources/App/AdBlockerApp.swift</string>
			<key>sourceTree</key>
			<string>SOURCE_ROOT</string>
			<key>lastKnownFileType</key>
			<string>sourcecode.swift</string>
		</dict>
		<key>04AB4DE0F2A872ED9A61B6A0</key>
		<dict>
			<key>isa</key>
			<string>PBXFileReference</string>
			<key>path</key>
			<string>Sources/ContentBlocker/ContentBlockerRequestHandler.swift</string>
			<key>sourceTree</key>
			<string>SOURCE_ROOT</string>
			<key>lastKnownFileType</key>
			<string>sourcecode.swift</string>
		</dict>
		<key>F176202532C5A65E19D320EB</key>
		<dict>
			<key>isa</key>
			<string>PBXFileReference</string>
			<key>path</key>
			<string>Sources/WebExtension/SafariWebExtensionHandler.swift</string>
			<key>sourceTree</key>
			<string>SOURCE_ROOT</string>
			<key>lastKnownFileType</key>
			<string>sourcecode.swift</string>
		</dict>
		<key>11863230F22C5268BC92ECBE</key>
		<dict>
			<key>isa</key>
			<string>PBXFileReference</string>
			<key>path</key>
			<string>filters/blockerList.json</string>
			<key>sourceTree</key>
			<string>SOURCE_ROOT</string>
			<key>lastKnownFileType</key>
			<string>text.json</string>
		</dict>
		<key>979B155B26926C34E0B349DE</key>
		<dict>
			<key>isa</key>
			<string>PBXFileReference</string>
			<key>path</key>
			<string>Sources/App/SafariRequest.swift</string>
			<key>sourceTree</key>
			<string>SOURCE_ROOT</string>
			<key>lastKnownFileType</key>
			<string>sourcecode.swift</string>
		</dict>
		<key>64C15C758CA59D66029F90F6</key>
		<dict>
			<key>isa</key>
			<string>PBXFileReference</string>
			<key>path</key>
			<string>Sources/App/SafariDiagnostics.swift</string>
			<key>sourceTree</key>
			<string>SOURCE_ROOT</string>
			<key>lastKnownFileType</key>
			<string>sourcecode.swift</string>
		</dict>
		<key>3284F45779E1A5C1A1D8FA70</key>
		<dict>
			<key>isa</key>
			<string>PBXFileReference</string>
			<key>path</key>
			<string>Sources/App/NativeRuleActivation.swift</string>
			<key>sourceTree</key>
			<string>SOURCE_ROOT</string>
			<key>lastKnownFileType</key>
			<string>sourcecode.swift</string>
		</dict>
		<key>162A0AF17EAD35DB15BA8554</key>
		<dict>
			<key>isa</key>
			<string>PBXFileReference</string>
			<key>path</key>
			<string>Sources/App/NativeRuleBundle.swift</string>
			<key>sourceTree</key>
			<string>SOURCE_ROOT</string>
			<key>lastKnownFileType</key>
			<string>sourcecode.swift</string>
		</dict>
		<key>05D4EA1D6C0FFC36927A0459</key>
		<dict>
			<key>isa</key>
			<string>PBXFileReference</string>
			<key>path</key>
			<string>Sources/App/MacBackgroundApp.swift</string>
			<key>sourceTree</key>
			<string>SOURCE_ROOT</string>
			<key>lastKnownFileType</key>
			<string>sourcecode.swift</string>
		</dict>
		<key>D2CE934BA3BD47EACA167AB3</key>
		<dict>
			<key>isa</key>
			<string>PBXFileReference</string>
			<key>path</key>
			<string>Sources/WebExtension/AdvancedRuleStore.swift</string>
			<key>sourceTree</key>
			<string>SOURCE_ROOT</string>
			<key>lastKnownFileType</key>
			<string>sourcecode.swift</string>
		</dict>
		<key>6132B17002769460484FB7C0</key>
		<dict>
			<key>isa</key>
			<string>PBXFileReference</string>
			<key>path</key>
			<string>filters/generated/adguard-base-advanced.txt</string>
			<key>sourceTree</key>
			<string>SOURCE_ROOT</string>
			<key>lastKnownFileType</key>
			<string>text</string>
		</dict>
		<key>F29DAEAC0F2945A3C327F3B1</key>
		<dict>
			<key>isa</key>
			<string>XCLocalSwiftPackageReference</string>
			<key>relativePath</key>
			<string>vendor/SafariConverterLib</string>
		</dict>
		<key>EC9548EE4571E61D0BACA252</key>
		<dict>
			<key>isa</key>
			<string>PBXFileReference</string>
			<key>path</key>
			<string>extension/advanced-background-runtime.js</string>
			<key>sourceTree</key>
			<string>SOURCE_ROOT</string>
			<key>lastKnownFileType</key>
			<string>text</string>
		</dict>
		<key>EE0A891810A7FF7B2192B28F</key>
		<dict>
			<key>isa</key>
			<string>PBXFileReference</string>
			<key>path</key>
			<string>extension/advanced-content-runtime.js</string>
			<key>sourceTree</key>
			<string>SOURCE_ROOT</string>
			<key>lastKnownFileType</key>
			<string>text</string>
		</dict>
		<key>EE0D8635B56C76D17FAD2A0C</key>
		<dict>
			<key>isa</key>
			<string>PBXFileReference</string>
			<key>path</key>
			<string>extension/background-main.js</string>
			<key>sourceTree</key>
			<string>SOURCE_ROOT</string>
			<key>lastKnownFileType</key>
			<string>text</string>
		</dict>
		<key>BDB5CAE59928803BD7B94E81</key>
		<dict>
			<key>isa</key>
			<string>PBXFileReference</string>
			<key>path</key>
			<string>extension/background.js</string>
			<key>sourceTree</key>
			<string>SOURCE_ROOT</string>
			<key>lastKnownFileType</key>
			<string>text</string>
		</dict>
		<key>FDF8B5DEBF9C89396C9CA4A8</key>
		<dict>
			<key>isa</key>
			<string>PBXFileReference</string>
			<key>path</key>
			<string>extension/content.js</string>
			<key>sourceTree</key>
			<string>SOURCE_ROOT</string>
			<key>lastKnownFileType</key>
			<string>text</string>
		</dict>
		<key>FA6BDF51369E5A7139A12022</key>
		<dict>
			<key>isa</key>
			<string>PBXFileReference</string>
			<key>path</key>
			<string>extension/early-youtube.js</string>
			<key>sourceTree</key>
			<string>SOURCE_ROOT</string>
			<key>lastKnownFileType</key>
			<string>text</string>
		</dict>
		<key>BD98323BCDCC2DD6CA5D5E87</key>
		<dict>
			<key>isa</key>
			<string>PBXFileReference</string>
			<key>path</key>
			<string>extension/main-world-probe.js</string>
			<key>sourceTree</key>
			<string>SOURCE_ROOT</string>
			<key>lastKnownFileType</key>
			<string>text</string>
		</dict>
		<key>1929F2F40162BAF33D4A074C</key>
		<dict>
			<key>isa</key>
			<string>PBXFileReference</string>
			<key>path</key>
			<string>extension/manifest.json</string>
			<key>sourceTree</key>
			<string>SOURCE_ROOT</string>
			<key>lastKnownFileType</key>
			<string>text.json</string>
		</dict>
		<key>859F44E2E8C3422A62E1EEC6</key>
		<dict>
			<key>isa</key>
			<string>PBXFileReference</string>
			<key>path</key>
			<string>extension/popup.css</string>
			<key>sourceTree</key>
			<string>SOURCE_ROOT</string>
			<key>lastKnownFileType</key>
			<string>text</string>
		</dict>
		<key>23A83624066178B9931533C3</key>
		<dict>
			<key>isa</key>
			<string>PBXFileReference</string>
			<key>path</key>
			<string>extension/popup.html</string>
			<key>sourceTree</key>
			<string>SOURCE_ROOT</string>
			<key>lastKnownFileType</key>
			<string>text</string>
		</dict>
		<key>EED181E76A24689E87E1A659</key>
		<dict>
			<key>isa</key>
			<string>PBXFileReference</string>
			<key>path</key>
			<string>extension/popup.js</string>
			<key>sourceTree</key>
			<string>SOURCE_ROOT</string>
			<key>lastKnownFileType</key>
			<string>text</string>
		</dict>
		<key>1E881ECF2862D01E6E5BC2B8</key>
		<dict>
			<key>isa</key>
			<string>PBXFileReference</string>
			<key>path</key>
			<string>../LICENSE</string>
			<key>sourceTree</key>
			<string>SOURCE_ROOT</string>
			<key>lastKnownFileType</key>
			<string>text</string>
		</dict>
		<key>10F5FDB2852C0100A1CE516E</key>
		<dict>
			<key>isa</key>
			<string>PBXFileReference</string>
			<key>path</key>
			<string>vendor/licenses</string>
			<key>sourceTree</key>
			<string>SOURCE_ROOT</string>
			<key>lastKnownFileType</key>
			<string>folder</string>
		</dict>
		<key>9BE42A24B24BDCA3AD02E4BE</key>
		<dict>
			<key>isa</key>
			<string>PBXFileReference</string>
			<key>path</key>
			<string>filters/LICENSE-Hufilter-CC-BY-4.0.txt</string>
			<key>sourceTree</key>
			<string>SOURCE_ROOT</string>
			<key>lastKnownFileType</key>
			<string>text</string>
		</dict>
		<key>AEEBE5126D54A0DDC3E3C14A</key>
		<dict>
			<key>isa</key>
			<string>PBXFileReference</string>
			<key>path</key>
			<string>Resources/THIRD_PARTY_NOTICES.md</string>
			<key>sourceTree</key>
			<string>SOURCE_ROOT</string>
			<key>lastKnownFileType</key>
			<string>text</string>
		</dict>
		<key>FC6CD4A7B6E34D1315E4DDEF</key>
		<dict>
			<key>isa</key>
			<string>PBXFileReference</string>
			<key>path</key>
			<string>filters/generated/conversion-report.json</string>
			<key>sourceTree</key>
			<string>SOURCE_ROOT</string>
			<key>lastKnownFileType</key>
			<string>text.json</string>
		</dict>
		<key>CA73AA568B79A9F19ED1A196</key>
		<dict>
			<key>isa</key>
			<string>PBXFileReference</string>
			<key>explicitFileType</key>
			<string>wrapper.app-extension</string>
			<key>path</key>
			<string>AdBlockerContentBlocker.appex</string>
			<key>sourceTree</key>
			<string>BUILT_PRODUCTS_DIR</string>
			<key>includeInIndex</key>
			<integer>0</integer>
		</dict>
		<key>924FD97191E45AEA51DC5C24</key>
		<dict>
			<key>isa</key>
			<string>PBXBuildFile</string>
			<key>fileRef</key>
			<string>04AB4DE0F2A872ED9A61B6A0</string>
		</dict>
		<key>CE6399CDD5C66C2E7B3D55A0</key>
		<dict>
			<key>isa</key>
			<string>PBXSourcesBuildPhase</string>
			<key>buildActionMask</key>
			<integer>2147483647</integer>
			<key>files</key>
			<array>
				<string>924FD97191E45AEA51DC5C24</string>
			</array>
			<key>runOnlyForDeploymentPostprocessing</key>
			<integer>0</integer>
		</dict>
		<key>9095B600F41AB2C21C83ABD2</key>
		<dict>
			<key>isa</key>
			<string>PBXBuildFile</string>
			<key>fileRef</key>
			<string>11863230F22C5268BC92ECBE</string>
		</dict>
		<key>8A957443A866164F01FB2AC7</key>
		<dict>
			<key>isa</key>
			<string>PBXResourcesBuildPhase</string>
			<key>buildActionMask</key>
			<integer>2147483647</integer>
			<key>files</key>
			<array>
				<string>9095B600F41AB2C21C83ABD2</string>
			</array>
			<key>runOnlyForDeploymentPostprocessing</key>
			<integer>0</integer>
		</dict>
		<key>EEC11DFA43363352D7C4B3AD</key>
		<dict>
			<key>isa</key>
			<string>PBXFrameworksBuildPhase</string>
			<key>buildActionMask</key>
			<integer>2147483647</integer>
			<key>files</key>
			<array/>
			<key>runOnlyForDeploymentPostprocessing</key>
			<integer>0</integer>
		</dict>
		<key>0AF06956D513D74A71858281</key>
		<dict>
			<key>isa</key>
			<string>XCBuildConfiguration</string>
			<key>name</key>
			<string>Debug</string>
			<key>buildSettings</key>
			<dict>
				<key>PRODUCT_NAME</key>
				<string>AdBlockerContentBlocker</string>
				<key>PRODUCT_BUNDLE_IDENTIFIER</key>
				<string>org.local.adblocker.ContentBlocker</string>
				<key>SWIFT_VERSION</key>
				<string>5.0</string>
				<key>SDKROOT</key>
				<string>macosx</string>
				<key>INFOPLIST_FILE</key>
				<string>Configuration/macOS-ContentBlocker-Info.plist</string>
				<key>GENERATE_INFOPLIST_FILE</key>
				<string>NO</string>
				<key>CODE_SIGN_ENTITLEMENTS</key>
				<string>Configuration/macOS-ContentBlocker.entitlements</string>
				<key>CODE_SIGN_STYLE</key>
				<string>Automatic</string>
				<key>CODE_SIGN_IDENTITY</key>
				<string>-</string>
				<key>ENABLE_HARDENED_RUNTIME</key>
				<string>YES</string>
				<key>CLANG_ENABLE_MODULES</key>
				<string>YES</string>
				<key>LD_RUNPATH_SEARCH_PATHS</key>
				<array>
					<string>$(inherited)</string>
					<string>@executable_path/../Frameworks</string>
				</array>
				<key>MACOSX_DEPLOYMENT_TARGET</key>
				<string>14.0</string>
				<key>SKIP_INSTALL</key>
				<string>YES</string>
				<key>APPLICATION_EXTENSION_API_ONLY</key>
				<string>YES</string>
				<key>OTHER_LDFLAGS</key>
				<array>
					<string>$(inherited)</string>
					<string>-framework</string>
					<string>Cocoa</string>
				</array>
				<key>SWIFT_OPTIMIZATION_LEVEL</key>
				<string>-Onone</string>
				<key>ONLY_ACTIVE_ARCH</key>
				<string>YES</string>
			</dict>
		</dict>
		<key>26C54BFEDD56A6FF120CD71A</key>
		<dict>
			<key>isa</key>
			<string>XCBuildConfiguration</string>
			<key>name</key>
			<string>Release</string>
			<key>buildSettings</key>
			<dict>
				<key>PRODUCT_NAME</key>
				<string>AdBlockerContentBlocker</string>
				<key>PRODUCT_BUNDLE_IDENTIFIER</key>
				<string>org.local.adblocker.ContentBlocker</string>
				<key>SWIFT_VERSION</key>
				<string>5.0</string>
				<key>SDKROOT</key>
				<string>macosx</string>
				<key>INFOPLIST_FILE</key>
				<string>Configuration/macOS-ContentBlocker-Info.plist</string>
				<key>GENERATE_INFOPLIST_FILE</key>
				<string>NO</string>
				<key>CODE_SIGN_ENTITLEMENTS</key>
				<string>Configuration/macOS-ContentBlocker.entitlements</string>
				<key>CODE_SIGN_STYLE</key>
				<string>Automatic</string>
				<key>CODE_SIGN_IDENTITY</key>
				<string>-</string>
				<key>ENABLE_HARDENED_RUNTIME</key>
				<string>YES</string>
				<key>CLANG_ENABLE_MODULES</key>
				<string>YES</string>
				<key>LD_RUNPATH_SEARCH_PATHS</key>
				<array>
					<string>$(inherited)</string>
					<string>@executable_path/../Frameworks</string>
				</array>
				<key>MACOSX_DEPLOYMENT_TARGET</key>
				<string>14.0</string>
				<key>SKIP_INSTALL</key>
				<string>YES</string>
				<key>APPLICATION_EXTENSION_API_ONLY</key>
				<string>YES</string>
				<key>OTHER_LDFLAGS</key>
				<array>
					<string>$(inherited)</string>
					<string>-framework</string>
					<string>Cocoa</string>
				</array>
				<key>SWIFT_OPTIMIZATION_LEVEL</key>
				<string>-O</string>
				<key>ONLY_ACTIVE_ARCH</key>
				<string>NO</string>
			</dict>
		</dict>
		<key>57D394A122F30331A749FFEE</key>
		<dict>
			<key>isa</key>
			<string>XCConfigurationList</string>
			<key>buildConfigurations</key>
			<array>
				<string>0AF06956D513D74A71858281</string>
				<string>26C54BFEDD56A6FF120CD71A</string>
			</array>
			<key>defaultConfigurationIsVisible</key>
			<integer>0</integer>
			<key>defaultConfigurationName</key>
			<string>Debug</string>
		</dict>
		<key>0AF12E42104EE84487E1610B</key>
		<dict>
			<key>isa</key>
			<string>PBXNativeTarget</string>
			<key>name</key>
			<string>AdBlockerContentBlocker-macOS</string>
			<key>productName</key>
			<string>AdBlockerContentBlocker</string>
			<key>productReference</key>
			<string>CA73AA568B79A9F19ED1A196</string>
			<key>productType</key>
			<string>com.apple.product-type.app-extension</string>
			<key>buildConfigurationList</key>
			<string>57D394A122F30331A749FFEE</string>
			<key>buildPhases</key>
			<array>
				<string>CE6399CDD5C66C2E7B3D55A0</string>
				<string>8A957443A866164F01FB2AC7</string>
				<string>EEC11DFA43363352D7C4B3AD</string>
			</array>
			<key>buildRules</key>
			<array/>
			<key>dependencies</key>
			<array/>
			<key>packageProductDependencies</key>
			<array/>
		</dict>
		<key>42F0013AAC467E0B7A78841E</key>
		<dict>
			<key>isa</key>
			<string>PBXFileReference</string>
			<key>explicitFileType</key>
			<string>wrapper.app-extension</string>
			<key>path</key>
			<string>AdBlockerWebExtension.appex</string>
			<key>sourceTree</key>
			<string>BUILT_PRODUCTS_DIR</string>
			<key>includeInIndex</key>
			<integer>0</integer>
		</dict>
		<key>99A1946DFF25D25442E9B525</key>
		<dict>
			<key>isa</key>
			<string>PBXBuildFile</string>
			<key>fileRef</key>
			<string>F176202532C5A65E19D320EB</string>
		</dict>
		<key>C232ABC9DF70CD6EF1EA2D85</key>
		<dict>
			<key>isa</key>
			<string>PBXBuildFile</string>
			<key>fileRef</key>
			<string>D2CE934BA3BD47EACA167AB3</string>
		</dict>
		<key>DED51058E6E45AE065A41252</key>
		<dict>
			<key>isa</key>
			<string>PBXSourcesBuildPhase</string>
			<key>buildActionMask</key>
			<integer>2147483647</integer>
			<key>files</key>
			<array>
				<string>99A1946DFF25D25442E9B525</string>
				<string>C232ABC9DF70CD6EF1EA2D85</string>
			</array>
			<key>runOnlyForDeploymentPostprocessing</key>
			<integer>0</integer>
		</dict>
		<key>E74DA59B8363B0BDFE3B295B</key>
		<dict>
			<key>isa</key>
			<string>PBXBuildFile</string>
			<key>fileRef</key>
			<string>EC9548EE4571E61D0BACA252</string>
		</dict>
		<key>E3FA6B36ACA296A415A85E6A</key>
		<dict>
			<key>isa</key>
			<string>PBXBuildFile</string>
			<key>fileRef</key>
			<string>EE0A891810A7FF7B2192B28F</string>
		</dict>
		<key>E34FC799E62A4D897B703023</key>
		<dict>
			<key>isa</key>
			<string>PBXBuildFile</string>
			<key>fileRef</key>
			<string>EE0D8635B56C76D17FAD2A0C</string>
		</dict>
		<key>D1A9F9BD233501708566D27F</key>
		<dict>
			<key>isa</key>
			<string>PBXBuildFile</string>
			<key>fileRef</key>
			<string>BDB5CAE59928803BD7B94E81</string>
		</dict>
		<key>E90748D8D9E2F0D5A6DC35A7</key>
		<dict>
			<key>isa</key>
			<string>PBXBuildFile</string>
			<key>fileRef</key>
			<string>FDF8B5DEBF9C89396C9CA4A8</string>
		</dict>
		<key>771AAD7045177C17971B854E</key>
		<dict>
			<key>isa</key>
			<string>PBXBuildFile</string>
			<key>fileRef</key>
			<string>FA6BDF51369E5A7139A12022</string>
		</dict>
		<key>12C45EDEB36729913172207F</key>
		<dict>
			<key>isa</key>
			<string>PBXBuildFile</string>
			<key>fileRef</key>
			<string>BD98323BCDCC2DD6CA5D5E87</string>
		</dict>
		<key>5080F687FFD9EFC440BF132F</key>
		<dict>
			<key>isa</key>
			<string>PBXBuildFile</string>
			<key>fileRef</key>
			<string>1929F2F40162BAF33D4A074C</string>
		</dict>
		<key>F411EE79E9F234969CE6772D</key>
		<dict>
			<key>isa</key>
			<string>PBXBuildFile</string>
			<key>fileRef</key>
			<string>859F44E2E8C3422A62E1EEC6</string>
		</dict>
		<key>4A0BBE785D7D1E8562BE42F5</key>
		<dict>
			<key>isa</key>
			<string>PBXBuildFile</string>
			<key>fileRef</key>
			<string>23A83624066178B9931533C3</string>
		</dict>
		<key>7E46D7F7EEE29C9DFD41F497</key>
		<dict>
			<key>isa</key>
			<string>PBXBuildFile</string>
			<key>fileRef</key>
			<string>EED181E76A24689E87E1A659</string>
		</dict>
		<key>F958106B10DBB1D5A8170818</key>
		<dict>
			<key>isa</key>
			<string>PBXBuildFile</string>
			<key>fileRef</key>
			<string>6132B17002769460484FB7C0</string>
		</dict>
		<key>092980B86378124A9DA3E56D</key>
		<dict>
			<key>isa</key>
			<string>PBXResourcesBuildPhase</string>
			<key>buildActionMask</key>
			<integer>2147483647</integer>
			<key>files</key>
			<array>
				<string>E74DA59B8363B0BDFE3B295B</string>
				<string>E3FA6B36ACA296A415A85E6A</string>
				<string>E34FC799E62A4D897B703023</string>
				<string>D1A9F9BD233501708566D27F</string>
				<string>E90748D8D9E2F0D5A6DC35A7</string>
				<string>771AAD7045177C17971B854E</string>
				<string>12C45EDEB36729913172207F</string>
				<string>5080F687FFD9EFC440BF132F</string>
				<string>F411EE79E9F234969CE6772D</string>
				<string>4A0BBE785D7D1E8562BE42F5</string>
				<string>7E46D7F7EEE29C9DFD41F497</string>
				<string>F958106B10DBB1D5A8170818</string>
			</array>
			<key>runOnlyForDeploymentPostprocessing</key>
			<integer>0</integer>
		</dict>
		<key>F35B401BF0E89A66561D51D9</key>
		<dict>
			<key>isa</key>
			<string>PBXFrameworksBuildPhase</string>
			<key>buildActionMask</key>
			<integer>2147483647</integer>
			<key>files</key>
			<array>
				<string>CC1D9402EAA179912DA75FE1</string>
			</array>
			<key>runOnlyForDeploymentPostprocessing</key>
			<integer>0</integer>
		</dict>
		<key>2F29B265BF946004D8878E6F</key>
		<dict>
			<key>isa</key>
			<string>XCSwiftPackageProductDependency</string>
			<key>package</key>
			<string>F29DAEAC0F2945A3C327F3B1</string>
			<key>productName</key>
			<string>ContentBlockerConverter</string>
		</dict>
		<key>CC1D9402EAA179912DA75FE1</key>
		<dict>
			<key>isa</key>
			<string>PBXBuildFile</string>
			<key>productRef</key>
			<string>2F29B265BF946004D8878E6F</string>
		</dict>
		<key>AD1ED481727C38782B33268C</key>
		<dict>
			<key>isa</key>
			<string>XCBuildConfiguration</string>
			<key>name</key>
			<string>Debug</string>
			<key>buildSettings</key>
			<dict>
				<key>PRODUCT_NAME</key>
				<string>AdBlockerWebExtension</string>
				<key>PRODUCT_BUNDLE_IDENTIFIER</key>
				<string>org.local.adblocker.WebExtension</string>
				<key>SWIFT_VERSION</key>
				<string>5.0</string>
				<key>SDKROOT</key>
				<string>macosx</string>
				<key>INFOPLIST_FILE</key>
				<string>Configuration/macOS-WebExtension-Info.plist</string>
				<key>GENERATE_INFOPLIST_FILE</key>
				<string>NO</string>
				<key>CODE_SIGN_ENTITLEMENTS</key>
				<string>Configuration/macOS-WebExtension.entitlements</string>
				<key>CODE_SIGN_STYLE</key>
				<string>Automatic</string>
				<key>CODE_SIGN_IDENTITY</key>
				<string>-</string>
				<key>ENABLE_HARDENED_RUNTIME</key>
				<string>YES</string>
				<key>CLANG_ENABLE_MODULES</key>
				<string>YES</string>
				<key>LD_RUNPATH_SEARCH_PATHS</key>
				<array>
					<string>$(inherited)</string>
					<string>@executable_path/../Frameworks</string>
				</array>
				<key>MACOSX_DEPLOYMENT_TARGET</key>
				<string>14.0</string>
				<key>SKIP_INSTALL</key>
				<string>YES</string>
				<key>APPLICATION_EXTENSION_API_ONLY</key>
				<string>YES</string>
				<key>SWIFT_OPTIMIZATION_LEVEL</key>
				<string>-Onone</string>
				<key>ONLY_ACTIVE_ARCH</key>
				<string>YES</string>
			</dict>
		</dict>
		<key>FF7DA5D157ED13938ADD3161</key>
		<dict>
			<key>isa</key>
			<string>XCBuildConfiguration</string>
			<key>name</key>
			<string>Release</string>
			<key>buildSettings</key>
			<dict>
				<key>PRODUCT_NAME</key>
				<string>AdBlockerWebExtension</string>
				<key>PRODUCT_BUNDLE_IDENTIFIER</key>
				<string>org.local.adblocker.WebExtension</string>
				<key>SWIFT_VERSION</key>
				<string>5.0</string>
				<key>SDKROOT</key>
				<string>macosx</string>
				<key>INFOPLIST_FILE</key>
				<string>Configuration/macOS-WebExtension-Info.plist</string>
				<key>GENERATE_INFOPLIST_FILE</key>
				<string>NO</string>
				<key>CODE_SIGN_ENTITLEMENTS</key>
				<string>Configuration/macOS-WebExtension.entitlements</string>
				<key>CODE_SIGN_STYLE</key>
				<string>Automatic</string>
				<key>CODE_SIGN_IDENTITY</key>
				<string>-</string>
				<key>ENABLE_HARDENED_RUNTIME</key>
				<string>YES</string>
				<key>CLANG_ENABLE_MODULES</key>
				<string>YES</string>
				<key>LD_RUNPATH_SEARCH_PATHS</key>
				<array>
					<string>$(inherited)</string>
					<string>@executable_path/../Frameworks</string>
				</array>
				<key>MACOSX_DEPLOYMENT_TARGET</key>
				<string>14.0</string>
				<key>SKIP_INSTALL</key>
				<string>YES</string>
				<key>APPLICATION_EXTENSION_API_ONLY</key>
				<string>YES</string>
				<key>SWIFT_OPTIMIZATION_LEVEL</key>
				<string>-O</string>
				<key>ONLY_ACTIVE_ARCH</key>
				<string>NO</string>
			</dict>
		</dict>
		<key>F8C90294FC9C423C34016384</key>
		<dict>
			<key>isa</key>
			<string>XCConfigurationList</string>
			<key>buildConfigurations</key>
			<array>
				<string>AD1ED481727C38782B33268C</string>
				<string>FF7DA5D157ED13938ADD3161</string>
			</array>
			<key>defaultConfigurationIsVisible</key>
			<integer>0</integer>
			<key>defaultConfigurationName</key>
			<string>Debug</string>
		</dict>
		<key>4F403FDF66C4313A7C86C337</key>
		<dict>
			<key>isa</key>
			<string>PBXNativeTarget</string>
			<key>name</key>
			<string>AdBlockerWebExtension-macOS</string>
			<key>productName</key>
			<string>AdBlockerWebExtension</string>
			<key>productReference</key>
			<string>42F0013AAC467E0B7A78841E</string>
			<key>productType</key>
			<string>com.apple.product-type.app-extension</string>
			<key>buildConfigurationList</key>
			<string>F8C90294FC9C423C34016384</string>
			<key>buildPhases</key>
			<array>
				<string>DED51058E6E45AE065A41252</string>
				<string>092980B86378124A9DA3E56D</string>
				<string>F35B401BF0E89A66561D51D9</string>
			</array>
			<key>buildRules</key>
			<array/>
			<key>dependencies</key>
			<array/>
			<key>packageProductDependencies</key>
			<array>
				<string>2F29B265BF946004D8878E6F</string>
			</array>
		</dict>
		<key>DEB985F23949D6E3AC0F6E4B</key>
		<dict>
			<key>isa</key>
			<string>PBXFileReference</string>
			<key>explicitFileType</key>
			<string>wrapper.application</string>
			<key>path</key>
			<string>Ad Blocker.app</string>
			<key>sourceTree</key>
			<string>BUILT_PRODUCTS_DIR</string>
			<key>includeInIndex</key>
			<integer>0</integer>
		</dict>
		<key>932944C0FA0D05C4F9117280</key>
		<dict>
			<key>isa</key>
			<string>PBXBuildFile</string>
			<key>fileRef</key>
			<string>75B026537BEE8AD767634C3C</string>
		</dict>
		<key>A0307A2F038FAB8A67F37F64</key>
		<dict>
			<key>isa</key>
			<string>PBXBuildFile</string>
			<key>fileRef</key>
			<string>979B155B26926C34E0B349DE</string>
		</dict>
		<key>9E25B231556221B9DEFC4E1B</key>
		<dict>
			<key>isa</key>
			<string>PBXBuildFile</string>
			<key>fileRef</key>
			<string>64C15C758CA59D66029F90F6</string>
		</dict>
		<key>5A260E14B0E09D0B7AEFAF7D</key>
		<dict>
			<key>isa</key>
			<string>PBXBuildFile</string>
			<key>fileRef</key>
			<string>3284F45779E1A5C1A1D8FA70</string>
		</dict>
		<key>13AD2F1112607B8307784501</key>
		<dict>
			<key>isa</key>
			<string>PBXBuildFile</string>
			<key>fileRef</key>
			<string>162A0AF17EAD35DB15BA8554</string>
		</dict>
		<key>7E7DB2F3C08055DF8167B1B6</key>
		<dict>
			<key>isa</key>
			<string>PBXBuildFile</string>
			<key>fileRef</key>
			<string>05D4EA1D6C0FFC36927A0459</string>
		</dict>
		<key>B5ED3F30577DF994959502D0</key>
		<dict>
			<key>isa</key>
			<string>PBXSourcesBuildPhase</string>
			<key>buildActionMask</key>
			<integer>2147483647</integer>
			<key>files</key>
			<array>
				<string>932944C0FA0D05C4F9117280</string>
				<string>A0307A2F038FAB8A67F37F64</string>
				<string>9E25B231556221B9DEFC4E1B</string>
				<string>5A260E14B0E09D0B7AEFAF7D</string>
				<string>13AD2F1112607B8307784501</string>
				<string>7E7DB2F3C08055DF8167B1B6</string>
			</array>
			<key>runOnlyForDeploymentPostprocessing</key>
			<integer>0</integer>
		</dict>
		<key>5442EB2B927837AAF8DD936E</key>
		<dict>
			<key>isa</key>
			<string>PBXBuildFile</string>
			<key>fileRef</key>
			<string>1E881ECF2862D01E6E5BC2B8</string>
		</dict>
		<key>D1754F38BEF80547E85E1C21</key>
		<dict>
			<key>isa</key>
			<string>PBXBuildFile</string>
			<key>fileRef</key>
			<string>10F5FDB2852C0100A1CE516E</string>
		</dict>
		<key>C3B9B4CF62F8BCF177450B49</key>
		<dict>
			<key>isa</key>
			<string>PBXBuildFile</string>
			<key>fileRef</key>
			<string>9BE42A24B24BDCA3AD02E4BE</string>
		</dict>
		<key>96066ACE3468E093E633A220</key>
		<dict>
			<key>isa</key>
			<string>PBXBuildFile</string>
			<key>fileRef</key>
			<string>AEEBE5126D54A0DDC3E3C14A</string>
		</dict>
		<key>C7566B41D7EB1C1D48E91084</key>
		<dict>
			<key>isa</key>
			<string>PBXBuildFile</string>
			<key>fileRef</key>
			<string>FC6CD4A7B6E34D1315E4DDEF</string>
		</dict>
		<key>55C994B5D3356F809BA52191</key>
		<dict>
			<key>isa</key>
			<string>PBXResourcesBuildPhase</string>
			<key>buildActionMask</key>
			<integer>2147483647</integer>
			<key>files</key>
			<array>
				<string>5442EB2B927837AAF8DD936E</string>
				<string>D1754F38BEF80547E85E1C21</string>
				<string>C3B9B4CF62F8BCF177450B49</string>
				<string>96066ACE3468E093E633A220</string>
				<string>C7566B41D7EB1C1D48E91084</string>
			</array>
			<key>runOnlyForDeploymentPostprocessing</key>
			<integer>0</integer>
		</dict>
		<key>95F1E5DDB1E43194F4A10DD8</key>
		<dict>
			<key>isa</key>
			<string>PBXFrameworksBuildPhase</string>
			<key>buildActionMask</key>
			<integer>2147483647</integer>
			<key>files</key>
			<array/>
			<key>runOnlyForDeploymentPostprocessing</key>
			<integer>0</integer>
		</dict>
		<key>C7C3FC53EC64F3605A2323A6</key>
		<dict>
			<key>isa</key>
			<string>PBXContainerItemProxy</string>
			<key>containerPortal</key>
			<string>985959785319747668373CC6</string>
			<key>proxyType</key>
			<integer>1</integer>
			<key>remoteGlobalIDString</key>
			<string>0AF12E42104EE84487E1610B</string>
			<key>remoteInfo</key>
			<string>AdBlockerContentBlocker-macOS</string>
		</dict>
		<key>34FE02B6603BE6EC272DEE43</key>
		<dict>
			<key>isa</key>
			<string>PBXTargetDependency</string>
			<key>target</key>
			<string>0AF12E42104EE84487E1610B</string>
			<key>targetProxy</key>
			<string>C7C3FC53EC64F3605A2323A6</string>
		</dict>
		<key>09C740D1C796EDD4331E798B</key>
		<dict>
			<key>isa</key>
			<string>PBXBuildFile</string>
			<key>fileRef</key>
			<string>CA73AA568B79A9F19ED1A196</string>
			<key>settings</key>
			<dict>
				<key>ATTRIBUTES</key>
				<array>
					<string>RemoveHeadersOnCopy</string>
				</array>
			</dict>
		</dict>
		<key>F90CB8D0E0B93719158168CB</key>
		<dict>
			<key>isa</key>
			<string>PBXContainerItemProxy</string>
			<key>containerPortal</key>
			<string>985959785319747668373CC6</string>
			<key>proxyType</key>
			<integer>1</integer>
			<key>remoteGlobalIDString</key>
			<string>4F403FDF66C4313A7C86C337</string>
			<key>remoteInfo</key>
			<string>AdBlockerWebExtension-macOS</string>
		</dict>
		<key>713BFC3F1817281032260427</key>
		<dict>
			<key>isa</key>
			<string>PBXTargetDependency</string>
			<key>target</key>
			<string>4F403FDF66C4313A7C86C337</string>
			<key>targetProxy</key>
			<string>F90CB8D0E0B93719158168CB</string>
		</dict>
		<key>F431B53AB2BDF9C663E68548</key>
		<dict>
			<key>isa</key>
			<string>PBXBuildFile</string>
			<key>fileRef</key>
			<string>42F0013AAC467E0B7A78841E</string>
			<key>settings</key>
			<dict>
				<key>ATTRIBUTES</key>
				<array>
					<string>RemoveHeadersOnCopy</string>
				</array>
			</dict>
		</dict>
		<key>80E492ECD264C18CC97BA81B</key>
		<dict>
			<key>isa</key>
			<string>PBXCopyFilesBuildPhase</string>
			<key>buildActionMask</key>
			<integer>2147483647</integer>
			<key>dstPath</key>
			<string></string>
			<key>dstSubfolderSpec</key>
			<integer>13</integer>
			<key>files</key>
			<array>
				<string>09C740D1C796EDD4331E798B</string>
				<string>F431B53AB2BDF9C663E68548</string>
			</array>
			<key>name</key>
			<string>Embed App Extensions</string>
			<key>runOnlyForDeploymentPostprocessing</key>
			<integer>0</integer>
		</dict>
		<key>D39E4F0C1AD9FA4BA4027FA9</key>
		<dict>
			<key>isa</key>
			<string>XCBuildConfiguration</string>
			<key>name</key>
			<string>Debug</string>
			<key>buildSettings</key>
			<dict>
				<key>PRODUCT_NAME</key>
				<string>Ad Blocker</string>
				<key>PRODUCT_BUNDLE_IDENTIFIER</key>
				<string>org.local.adblocker</string>
				<key>SWIFT_VERSION</key>
				<string>5.0</string>
				<key>SDKROOT</key>
				<string>macosx</string>
				<key>INFOPLIST_FILE</key>
				<string>Configuration/macOS-App-Info.plist</string>
				<key>GENERATE_INFOPLIST_FILE</key>
				<string>NO</string>
				<key>CODE_SIGN_ENTITLEMENTS</key>
				<string>Configuration/macOS-App.entitlements</string>
				<key>CODE_SIGN_STYLE</key>
				<string>Automatic</string>
				<key>CODE_SIGN_IDENTITY</key>
				<string>-</string>
				<key>ENABLE_HARDENED_RUNTIME</key>
				<string>YES</string>
				<key>CLANG_ENABLE_MODULES</key>
				<string>YES</string>
				<key>LD_RUNPATH_SEARCH_PATHS</key>
				<array>
					<string>$(inherited)</string>
					<string>@executable_path/../Frameworks</string>
				</array>
				<key>MACOSX_DEPLOYMENT_TARGET</key>
				<string>14.0</string>
				<key>SKIP_INSTALL</key>
				<string>NO</string>
				<key>SWIFT_OPTIMIZATION_LEVEL</key>
				<string>-Onone</string>
				<key>ONLY_ACTIVE_ARCH</key>
				<string>YES</string>
			</dict>
		</dict>
		<key>C5CB42E05446EE918D245A87</key>
		<dict>
			<key>isa</key>
			<string>XCBuildConfiguration</string>
			<key>name</key>
			<string>Release</string>
			<key>buildSettings</key>
			<dict>
				<key>PRODUCT_NAME</key>
				<string>Ad Blocker</string>
				<key>PRODUCT_BUNDLE_IDENTIFIER</key>
				<string>org.local.adblocker</string>
				<key>SWIFT_VERSION</key>
				<string>5.0</string>
				<key>SDKROOT</key>
				<string>macosx</string>
				<key>INFOPLIST_FILE</key>
				<string>Configuration/macOS-App-Info.plist</string>
				<key>GENERATE_INFOPLIST_FILE</key>
				<string>NO</string>
				<key>CODE_SIGN_ENTITLEMENTS</key>
				<string>Configuration/macOS-App.entitlements</string>
				<key>CODE_SIGN_STYLE</key>
				<string>Automatic</string>
				<key>CODE_SIGN_IDENTITY</key>
				<string>-</string>
				<key>ENABLE_HARDENED_RUNTIME</key>
				<string>YES</string>
				<key>CLANG_ENABLE_MODULES</key>
				<string>YES</string>
				<key>LD_RUNPATH_SEARCH_PATHS</key>
				<array>
					<string>$(inherited)</string>
					<string>@executable_path/../Frameworks</string>
				</array>
				<key>MACOSX_DEPLOYMENT_TARGET</key>
				<string>14.0</string>
				<key>SKIP_INSTALL</key>
				<string>NO</string>
				<key>SWIFT_OPTIMIZATION_LEVEL</key>
				<string>-O</string>
				<key>ONLY_ACTIVE_ARCH</key>
				<string>NO</string>
			</dict>
		</dict>
		<key>1F25CB37E1864AF2A45C9D8D</key>
		<dict>
			<key>isa</key>
			<string>XCConfigurationList</string>
			<key>buildConfigurations</key>
			<array>
				<string>D39E4F0C1AD9FA4BA4027FA9</string>
				<string>C5CB42E05446EE918D245A87</string>
			</array>
			<key>defaultConfigurationIsVisible</key>
			<integer>0</integer>
			<key>defaultConfigurationName</key>
			<string>Debug</string>
		</dict>
		<key>DD1D824F2D1835D0A6F50137</key>
		<dict>
			<key>isa</key>
			<string>PBXNativeTarget</string>
			<key>name</key>
			<string>AdBlocker-macOS</string>
			<key>productName</key>
			<string>Ad Blocker</string>
			<key>productReference</key>
			<string>DEB985F23949D6E3AC0F6E4B</string>
			<key>productType</key>
			<string>com.apple.product-type.application</string>
			<key>buildConfigurationList</key>
			<string>1F25CB37E1864AF2A45C9D8D</string>
			<key>buildPhases</key>
			<array>
				<string>B5ED3F30577DF994959502D0</string>
				<string>55C994B5D3356F809BA52191</string>
				<string>95F1E5DDB1E43194F4A10DD8</string>
				<string>80E492ECD264C18CC97BA81B</string>
			</array>
			<key>buildRules</key>
			<array/>
			<key>dependencies</key>
			<array>
				<string>34FE02B6603BE6EC272DEE43</string>
				<string>713BFC3F1817281032260427</string>
			</array>
			<key>packageProductDependencies</key>
			<array/>
		</dict>
		<key>1B4377CE50B6A08B9B099E6A</key>
		<dict>
			<key>isa</key>
			<string>PBXFileReference</string>
			<key>explicitFileType</key>
			<string>wrapper.app-extension</string>
			<key>path</key>
			<string>AdBlockerContentBlocker.appex</string>
			<key>sourceTree</key>
			<string>BUILT_PRODUCTS_DIR</string>
			<key>includeInIndex</key>
			<integer>0</integer>
		</dict>
		<key>58BE73B08B0F8E7E7D32FFD1</key>
		<dict>
			<key>isa</key>
			<string>PBXBuildFile</string>
			<key>fileRef</key>
			<string>04AB4DE0F2A872ED9A61B6A0</string>
		</dict>
		<key>6EF642736C2387B0B1EE0093</key>
		<dict>
			<key>isa</key>
			<string>PBXSourcesBuildPhase</string>
			<key>buildActionMask</key>
			<integer>2147483647</integer>
			<key>files</key>
			<array>
				<string>58BE73B08B0F8E7E7D32FFD1</string>
			</array>
			<key>runOnlyForDeploymentPostprocessing</key>
			<integer>0</integer>
		</dict>
		<key>D640C90E97117CF6B81EC081</key>
		<dict>
			<key>isa</key>
			<string>PBXBuildFile</string>
			<key>fileRef</key>
			<string>11863230F22C5268BC92ECBE</string>
		</dict>
		<key>6E07F7F43CB2446C0834C789</key>
		<dict>
			<key>isa</key>
			<string>PBXResourcesBuildPhase</string>
			<key>buildActionMask</key>
			<integer>2147483647</integer>
			<key>files</key>
			<array>
				<string>D640C90E97117CF6B81EC081</string>
			</array>
			<key>runOnlyForDeploymentPostprocessing</key>
			<integer>0</integer>
		</dict>
		<key>5BC54A6318C7EFC7A1F25449</key>
		<dict>
			<key>isa</key>
			<string>PBXFrameworksBuildPhase</string>
			<key>buildActionMask</key>
			<integer>2147483647</integer>
			<key>files</key>
			<array/>
			<key>runOnlyForDeploymentPostprocessing</key>
			<integer>0</integer>
		</dict>
		<key>90C37E03736AACEDFF54A794</key>
		<dict>
			<key>isa</key>
			<string>XCBuildConfiguration</string>
			<key>name</key>
			<string>Debug</string>
			<key>buildSettings</key>
			<dict>
				<key>PRODUCT_NAME</key>
				<string>AdBlockerContentBlocker</string>
				<key>PRODUCT_BUNDLE_IDENTIFIER</key>
				<string>org.local.adblocker.ios.ContentBlocker</string>
				<key>SWIFT_VERSION</key>
				<string>5.0</string>
				<key>SDKROOT</key>
				<string>iphoneos</string>
				<key>INFOPLIST_FILE</key>
				<string>Configuration/iOS-ContentBlocker-Info.plist</string>
				<key>GENERATE_INFOPLIST_FILE</key>
				<string>NO</string>
				<key>CODE_SIGN_ENTITLEMENTS</key>
				<string>Configuration/iOS-ContentBlocker.entitlements</string>
				<key>CODE_SIGN_STYLE</key>
				<string>Automatic</string>
				<key>CODE_SIGN_IDENTITY</key>
				<string>Apple Development</string>
				<key>ENABLE_HARDENED_RUNTIME</key>
				<string>YES</string>
				<key>CLANG_ENABLE_MODULES</key>
				<string>YES</string>
				<key>LD_RUNPATH_SEARCH_PATHS</key>
				<array>
					<string>$(inherited)</string>
					<string>@executable_path/Frameworks</string>
				</array>
				<key>IPHONEOS_DEPLOYMENT_TARGET</key>
				<string>17.0</string>
				<key>SKIP_INSTALL</key>
				<string>YES</string>
				<key>TARGETED_DEVICE_FAMILY</key>
				<string>1,2</string>
				<key>SUPPORTS_MACCATALYST</key>
				<string>NO</string>
				<key>APPLICATION_EXTENSION_API_ONLY</key>
				<string>YES</string>
				<key>OTHER_LDFLAGS</key>
				<array>
					<string>$(inherited)</string>
					<string>-framework</string>
					<string>UIKit</string>
				</array>
				<key>SWIFT_OPTIMIZATION_LEVEL</key>
				<string>-Onone</string>
				<key>ONLY_ACTIVE_ARCH</key>
				<string>YES</string>
			</dict>
		</dict>
		<key>1EB14436D9F072AA5D31891D</key>
		<dict>
			<key>isa</key>
			<string>XCBuildConfiguration</string>
			<key>name</key>
			<string>Release</string>
			<key>buildSettings</key>
			<dict>
				<key>PRODUCT_NAME</key>
				<string>AdBlockerContentBlocker</string>
				<key>PRODUCT_BUNDLE_IDENTIFIER</key>
				<string>org.local.adblocker.ios.ContentBlocker</string>
				<key>SWIFT_VERSION</key>
				<string>5.0</string>
				<key>SDKROOT</key>
				<string>iphoneos</string>
				<key>INFOPLIST_FILE</key>
				<string>Configuration/iOS-ContentBlocker-Info.plist</string>
				<key>GENERATE_INFOPLIST_FILE</key>
				<string>NO</string>
				<key>CODE_SIGN_ENTITLEMENTS</key>
				<string>Configuration/iOS-ContentBlocker.entitlements</string>
				<key>CODE_SIGN_STYLE</key>
				<string>Automatic</string>
				<key>CODE_SIGN_IDENTITY</key>
				<string>Apple Development</string>
				<key>ENABLE_HARDENED_RUNTIME</key>
				<string>YES</string>
				<key>CLANG_ENABLE_MODULES</key>
				<string>YES</string>
				<key>LD_RUNPATH_SEARCH_PATHS</key>
				<array>
					<string>$(inherited)</string>
					<string>@executable_path/Frameworks</string>
				</array>
				<key>IPHONEOS_DEPLOYMENT_TARGET</key>
				<string>17.0</string>
				<key>SKIP_INSTALL</key>
				<string>YES</string>
				<key>TARGETED_DEVICE_FAMILY</key>
				<string>1,2</string>
				<key>SUPPORTS_MACCATALYST</key>
				<string>NO</string>
				<key>APPLICATION_EXTENSION_API_ONLY</key>
				<string>YES</string>
				<key>OTHER_LDFLAGS</key>
				<array>
					<string>$(inherited)</string>
					<string>-framework</string>
					<string>UIKit</string>
				</array>
				<key>SWIFT_OPTIMIZATION_LEVEL</key>
				<string>-O</string>
				<key>ONLY_ACTIVE_ARCH</key>
				<string>NO</string>
			</dict>
		</dict>
		<key>93FFB1DBF69D1622CD577B45</key>
		<dict>
			<key>isa</key>
			<string>XCConfigurationList</string>
			<key>buildConfigurations</key>
			<array>
				<string>90C37E03736AACEDFF54A794</string>
				<string>1EB14436D9F072AA5D31891D</string>
			</array>
			<key>defaultConfigurationIsVisible</key>
			<integer>0</integer>
			<key>defaultConfigurationName</key>
			<string>Debug</string>
		</dict>
		<key>848455B6ACA4DA37B2BDCD24</key>
		<dict>
			<key>isa</key>
			<string>PBXNativeTarget</string>
			<key>name</key>
			<string>AdBlockerContentBlocker-iOS</string>
			<key>productName</key>
			<string>AdBlockerContentBlocker</string>
			<key>productReference</key>
			<string>1B4377CE50B6A08B9B099E6A</string>
			<key>productType</key>
			<string>com.apple.product-type.app-extension</string>
			<key>buildConfigurationList</key>
			<string>93FFB1DBF69D1622CD577B45</string>
			<key>buildPhases</key>
			<array>
				<string>6EF642736C2387B0B1EE0093</string>
				<string>6E07F7F43CB2446C0834C789</string>
				<string>5BC54A6318C7EFC7A1F25449</string>
			</array>
			<key>buildRules</key>
			<array/>
			<key>dependencies</key>
			<array/>
			<key>packageProductDependencies</key>
			<array/>
		</dict>
		<key>EB080DCAED9ABD0818CE84A1</key>
		<dict>
			<key>isa</key>
			<string>PBXFileReference</string>
			<key>explicitFileType</key>
			<string>wrapper.app-extension</string>
			<key>path</key>
			<string>AdBlockerWebExtension.appex</string>
			<key>sourceTree</key>
			<string>BUILT_PRODUCTS_DIR</string>
			<key>includeInIndex</key>
			<integer>0</integer>
		</dict>
		<key>6AC72B9B52D24AE8DA49ECE9</key>
		<dict>
			<key>isa</key>
			<string>PBXBuildFile</string>
			<key>fileRef</key>
			<string>F176202532C5A65E19D320EB</string>
		</dict>
		<key>1DC5FD985E2DECD7CC72756C</key>
		<dict>
			<key>isa</key>
			<string>PBXBuildFile</string>
			<key>fileRef</key>
			<string>D2CE934BA3BD47EACA167AB3</string>
		</dict>
		<key>8F1E92F394F658C4E822D186</key>
		<dict>
			<key>isa</key>
			<string>PBXSourcesBuildPhase</string>
			<key>buildActionMask</key>
			<integer>2147483647</integer>
			<key>files</key>
			<array>
				<string>6AC72B9B52D24AE8DA49ECE9</string>
				<string>1DC5FD985E2DECD7CC72756C</string>
			</array>
			<key>runOnlyForDeploymentPostprocessing</key>
			<integer>0</integer>
		</dict>
		<key>6BCE8A1694AD33A14FD1D35C</key>
		<dict>
			<key>isa</key>
			<string>PBXBuildFile</string>
			<key>fileRef</key>
			<string>EC9548EE4571E61D0BACA252</string>
		</dict>
		<key>0E5A5A14E3C5C3ABCFA2DB60</key>
		<dict>
			<key>isa</key>
			<string>PBXBuildFile</string>
			<key>fileRef</key>
			<string>EE0A891810A7FF7B2192B28F</string>
		</dict>
		<key>18D1E481CC44F3E2EB162E9E</key>
		<dict>
			<key>isa</key>
			<string>PBXBuildFile</string>
			<key>fileRef</key>
			<string>EE0D8635B56C76D17FAD2A0C</string>
		</dict>
		<key>EE348B72423287063D107F50</key>
		<dict>
			<key>isa</key>
			<string>PBXBuildFile</string>
			<key>fileRef</key>
			<string>BDB5CAE59928803BD7B94E81</string>
		</dict>
		<key>5A66961790B6554BA090D486</key>
		<dict>
			<key>isa</key>
			<string>PBXBuildFile</string>
			<key>fileRef</key>
			<string>FDF8B5DEBF9C89396C9CA4A8</string>
		</dict>
		<key>8EF8482F7238A18B1DB7C629</key>
		<dict>
			<key>isa</key>
			<string>PBXBuildFile</string>
			<key>fileRef</key>
			<string>FA6BDF51369E5A7139A12022</string>
		</dict>
		<key>0C1C800FC07D6FF164C31789</key>
		<dict>
			<key>isa</key>
			<string>PBXBuildFile</string>
			<key>fileRef</key>
			<string>BD98323BCDCC2DD6CA5D5E87</string>
		</dict>
		<key>5B07E340A56A1A1D7F7806B8</key>
		<dict>
			<key>isa</key>
			<string>PBXBuildFile</string>
			<key>fileRef</key>
			<string>1929F2F40162BAF33D4A074C</string>
		</dict>
		<key>885C08C9565EBDE7956EDF24</key>
		<dict>
			<key>isa</key>
			<string>PBXBuildFile</string>
			<key>fileRef</key>
			<string>859F44E2E8C3422A62E1EEC6</string>
		</dict>
		<key>203B1E7142B222F93471BC60</key>
		<dict>
			<key>isa</key>
			<string>PBXBuildFile</string>
			<key>fileRef</key>
			<string>23A83624066178B9931533C3</string>
		</dict>
		<key>C0610B5E5AE60ABBB23B3A6E</key>
		<dict>
			<key>isa</key>
			<string>PBXBuildFile</string>
			<key>fileRef</key>
			<string>EED181E76A24689E87E1A659</string>
		</dict>
		<key>BF89EB51D774753BBF7FE4EE</key>
		<dict>
			<key>isa</key>
			<string>PBXBuildFile</string>
			<key>fileRef</key>
			<string>6132B17002769460484FB7C0</string>
		</dict>
		<key>6185C281588987C1C9FB97B6</key>
		<dict>
			<key>isa</key>
			<string>PBXResourcesBuildPhase</string>
			<key>buildActionMask</key>
			<integer>2147483647</integer>
			<key>files</key>
			<array>
				<string>6BCE8A1694AD33A14FD1D35C</string>
				<string>0E5A5A14E3C5C3ABCFA2DB60</string>
				<string>18D1E481CC44F3E2EB162E9E</string>
				<string>EE348B72423287063D107F50</string>
				<string>5A66961790B6554BA090D486</string>
				<string>8EF8482F7238A18B1DB7C629</string>
				<string>0C1C800FC07D6FF164C31789</string>
				<string>5B07E340A56A1A1D7F7806B8</string>
				<string>885C08C9565EBDE7956EDF24</string>
				<string>203B1E7142B222F93471BC60</string>
				<string>C0610B5E5AE60ABBB23B3A6E</string>
				<string>BF89EB51D774753BBF7FE4EE</string>
			</array>
			<key>runOnlyForDeploymentPostprocessing</key>
			<integer>0</integer>
		</dict>
		<key>B1AB56990C997AEB56BCCE5A</key>
		<dict>
			<key>isa</key>
			<string>PBXFrameworksBuildPhase</string>
			<key>buildActionMask</key>
			<integer>2147483647</integer>
			<key>files</key>
			<array>
				<string>FE30260CAA0240E3ADBF4ACE</string>
			</array>
			<key>runOnlyForDeploymentPostprocessing</key>
			<integer>0</integer>
		</dict>
		<key>D87447BC0A6D34FDBFE38718</key>
		<dict>
			<key>isa</key>
			<string>XCSwiftPackageProductDependency</string>
			<key>package</key>
			<string>F29DAEAC0F2945A3C327F3B1</string>
			<key>productName</key>
			<string>ContentBlockerConverter</string>
		</dict>
		<key>FE30260CAA0240E3ADBF4ACE</key>
		<dict>
			<key>isa</key>
			<string>PBXBuildFile</string>
			<key>productRef</key>
			<string>D87447BC0A6D34FDBFE38718</string>
		</dict>
		<key>EAB175F28B24E9833E4ED17D</key>
		<dict>
			<key>isa</key>
			<string>XCBuildConfiguration</string>
			<key>name</key>
			<string>Debug</string>
			<key>buildSettings</key>
			<dict>
				<key>PRODUCT_NAME</key>
				<string>AdBlockerWebExtension</string>
				<key>PRODUCT_BUNDLE_IDENTIFIER</key>
				<string>org.local.adblocker.ios.WebExtension</string>
				<key>SWIFT_VERSION</key>
				<string>5.0</string>
				<key>SDKROOT</key>
				<string>iphoneos</string>
				<key>INFOPLIST_FILE</key>
				<string>Configuration/iOS-WebExtension-Info.plist</string>
				<key>GENERATE_INFOPLIST_FILE</key>
				<string>NO</string>
				<key>CODE_SIGN_ENTITLEMENTS</key>
				<string>Configuration/iOS-WebExtension.entitlements</string>
				<key>CODE_SIGN_STYLE</key>
				<string>Automatic</string>
				<key>CODE_SIGN_IDENTITY</key>
				<string>Apple Development</string>
				<key>ENABLE_HARDENED_RUNTIME</key>
				<string>YES</string>
				<key>CLANG_ENABLE_MODULES</key>
				<string>YES</string>
				<key>LD_RUNPATH_SEARCH_PATHS</key>
				<array>
					<string>$(inherited)</string>
					<string>@executable_path/Frameworks</string>
				</array>
				<key>IPHONEOS_DEPLOYMENT_TARGET</key>
				<string>17.0</string>
				<key>SKIP_INSTALL</key>
				<string>YES</string>
				<key>TARGETED_DEVICE_FAMILY</key>
				<string>1,2</string>
				<key>SUPPORTS_MACCATALYST</key>
				<string>NO</string>
				<key>APPLICATION_EXTENSION_API_ONLY</key>
				<string>YES</string>
				<key>SWIFT_OPTIMIZATION_LEVEL</key>
				<string>-Onone</string>
				<key>ONLY_ACTIVE_ARCH</key>
				<string>YES</string>
			</dict>
		</dict>
		<key>DD833164B0EAE010F5739422</key>
		<dict>
			<key>isa</key>
			<string>XCBuildConfiguration</string>
			<key>name</key>
			<string>Release</string>
			<key>buildSettings</key>
			<dict>
				<key>PRODUCT_NAME</key>
				<string>AdBlockerWebExtension</string>
				<key>PRODUCT_BUNDLE_IDENTIFIER</key>
				<string>org.local.adblocker.ios.WebExtension</string>
				<key>SWIFT_VERSION</key>
				<string>5.0</string>
				<key>SDKROOT</key>
				<string>iphoneos</string>
				<key>INFOPLIST_FILE</key>
				<string>Configuration/iOS-WebExtension-Info.plist</string>
				<key>GENERATE_INFOPLIST_FILE</key>
				<string>NO</string>
				<key>CODE_SIGN_ENTITLEMENTS</key>
				<string>Configuration/iOS-WebExtension.entitlements</string>
				<key>CODE_SIGN_STYLE</key>
				<string>Automatic</string>
				<key>CODE_SIGN_IDENTITY</key>
				<string>Apple Development</string>
				<key>ENABLE_HARDENED_RUNTIME</key>
				<string>YES</string>
				<key>CLANG_ENABLE_MODULES</key>
				<string>YES</string>
				<key>LD_RUNPATH_SEARCH_PATHS</key>
				<array>
					<string>$(inherited)</string>
					<string>@executable_path/Frameworks</string>
				</array>
				<key>IPHONEOS_DEPLOYMENT_TARGET</key>
				<string>17.0</string>
				<key>SKIP_INSTALL</key>
				<string>YES</string>
				<key>TARGETED_DEVICE_FAMILY</key>
				<string>1,2</string>
				<key>SUPPORTS_MACCATALYST</key>
				<string>NO</string>
				<key>APPLICATION_EXTENSION_API_ONLY</key>
				<string>YES</string>
				<key>SWIFT_OPTIMIZATION_LEVEL</key>
				<string>-O</string>
				<key>ONLY_ACTIVE_ARCH</key>
				<string>NO</string>
			</dict>
		</dict>
		<key>E6442C99D3965F7C7A04104B</key>
		<dict>
			<key>isa</key>
			<string>XCConfigurationList</string>
			<key>buildConfigurations</key>
			<array>
				<string>EAB175F28B24E9833E4ED17D</string>
				<string>DD833164B0EAE010F5739422</string>
			</array>
			<key>defaultConfigurationIsVisible</key>
			<integer>0</integer>
			<key>defaultConfigurationName</key>
			<string>Debug</string>
		</dict>
		<key>6D8226107B9C01EE0FF60DA2</key>
		<dict>
			<key>isa</key>
			<string>PBXNativeTarget</string>
			<key>name</key>
			<string>AdBlockerWebExtension-iOS</string>
			<key>productName</key>
			<string>AdBlockerWebExtension</string>
			<key>productReference</key>
			<string>EB080DCAED9ABD0818CE84A1</string>
			<key>productType</key>
			<string>com.apple.product-type.app-extension</string>
			<key>buildConfigurationList</key>
			<string>E6442C99D3965F7C7A04104B</string>
			<key>buildPhases</key>
			<array>
				<string>8F1E92F394F658C4E822D186</string>
				<string>6185C281588987C1C9FB97B6</string>
				<string>B1AB56990C997AEB56BCCE5A</string>
			</array>
			<key>buildRules</key>
			<array/>
			<key>dependencies</key>
			<array/>
			<key>packageProductDependencies</key>
			<array>
				<string>D87447BC0A6D34FDBFE38718</string>
			</array>
		</dict>
		<key>83BCCF622A1A1B6C715D87E9</key>
		<dict>
			<key>isa</key>
			<string>PBXFileReference</string>
			<key>explicitFileType</key>
			<string>wrapper.application</string>
			<key>path</key>
			<string>Ad Blocker.app</string>
			<key>sourceTree</key>
			<string>BUILT_PRODUCTS_DIR</string>
			<key>includeInIndex</key>
			<integer>0</integer>
		</dict>
		<key>8A982CC2E3FF3A0BA07F4FCA</key>
		<dict>
			<key>isa</key>
			<string>PBXBuildFile</string>
			<key>fileRef</key>
			<string>75B026537BEE8AD767634C3C</string>
		</dict>
		<key>970033B70B18E489898584E6</key>
		<dict>
			<key>isa</key>
			<string>PBXBuildFile</string>
			<key>fileRef</key>
			<string>979B155B26926C34E0B349DE</string>
		</dict>
		<key>832B7CBF447EF71E8E93876B</key>
		<dict>
			<key>isa</key>
			<string>PBXBuildFile</string>
			<key>fileRef</key>
			<string>64C15C758CA59D66029F90F6</string>
		</dict>
		<key>6513390429423ECD570B999A</key>
		<dict>
			<key>isa</key>
			<string>PBXBuildFile</string>
			<key>fileRef</key>
			<string>3284F45779E1A5C1A1D8FA70</string>
		</dict>
		<key>646F0FBD3331D096C4B2FB38</key>
		<dict>
			<key>isa</key>
			<string>PBXBuildFile</string>
			<key>fileRef</key>
			<string>162A0AF17EAD35DB15BA8554</string>
		</dict>
		<key>D40C73A125C2AEEA9C3E84F7</key>
		<dict>
			<key>isa</key>
			<string>PBXBuildFile</string>
			<key>fileRef</key>
			<string>05D4EA1D6C0FFC36927A0459</string>
		</dict>
		<key>C03B347FBD496EF1C8515E0A</key>
		<dict>
			<key>isa</key>
			<string>PBXSourcesBuildPhase</string>
			<key>buildActionMask</key>
			<integer>2147483647</integer>
			<key>files</key>
			<array>
				<string>8A982CC2E3FF3A0BA07F4FCA</string>
				<string>970033B70B18E489898584E6</string>
				<string>832B7CBF447EF71E8E93876B</string>
				<string>6513390429423ECD570B999A</string>
				<string>646F0FBD3331D096C4B2FB38</string>
				<string>D40C73A125C2AEEA9C3E84F7</string>
			</array>
			<key>runOnlyForDeploymentPostprocessing</key>
			<integer>0</integer>
		</dict>
		<key>61591124328D40E3DACFC5CF</key>
		<dict>
			<key>isa</key>
			<string>PBXBuildFile</string>
			<key>fileRef</key>
			<string>1E881ECF2862D01E6E5BC2B8</string>
		</dict>
		<key>E4C4C7CEDDDEB1EFEC63DF87</key>
		<dict>
			<key>isa</key>
			<string>PBXBuildFile</string>
			<key>fileRef</key>
			<string>10F5FDB2852C0100A1CE516E</string>
		</dict>
		<key>9BE86AE7F7381FBA9800AA35</key>
		<dict>
			<key>isa</key>
			<string>PBXBuildFile</string>
			<key>fileRef</key>
			<string>9BE42A24B24BDCA3AD02E4BE</string>
		</dict>
		<key>C2AAA0A2D33EEB3AA9D6CFA0</key>
		<dict>
			<key>isa</key>
			<string>PBXBuildFile</string>
			<key>fileRef</key>
			<string>AEEBE5126D54A0DDC3E3C14A</string>
		</dict>
		<key>8A6CA3C75E4CC744F13E1ADB</key>
		<dict>
			<key>isa</key>
			<string>PBXBuildFile</string>
			<key>fileRef</key>
			<string>FC6CD4A7B6E34D1315E4DDEF</string>
		</dict>
		<key>59986B7F5D4CD867D29CB272</key>
		<dict>
			<key>isa</key>
			<string>PBXResourcesBuildPhase</string>
			<key>buildActionMask</key>
			<integer>2147483647</integer>
			<key>files</key>
			<array>
				<string>61591124328D40E3DACFC5CF</string>
				<string>E4C4C7CEDDDEB1EFEC63DF87</string>
				<string>9BE86AE7F7381FBA9800AA35</string>
				<string>C2AAA0A2D33EEB3AA9D6CFA0</string>
				<string>8A6CA3C75E4CC744F13E1ADB</string>
			</array>
			<key>runOnlyForDeploymentPostprocessing</key>
			<integer>0</integer>
		</dict>
		<key>905DCFC84D623D6CD15F4CC1</key>
		<dict>
			<key>isa</key>
			<string>PBXFrameworksBuildPhase</string>
			<key>buildActionMask</key>
			<integer>2147483647</integer>
			<key>files</key>
			<array/>
			<key>runOnlyForDeploymentPostprocessing</key>
			<integer>0</integer>
		</dict>
		<key>C8438B62BF8D8270E0EC3171</key>
		<dict>
			<key>isa</key>
			<string>PBXContainerItemProxy</string>
			<key>containerPortal</key>
			<string>985959785319747668373CC6</string>
			<key>proxyType</key>
			<integer>1</integer>
			<key>remoteGlobalIDString</key>
			<string>848455B6ACA4DA37B2BDCD24</string>
			<key>remoteInfo</key>
			<string>AdBlockerContentBlocker-iOS</string>
		</dict>
		<key>7ACB27DDEE34DD3364929A33</key>
		<dict>
			<key>isa</key>
			<string>PBXTargetDependency</string>
			<key>target</key>
			<string>848455B6ACA4DA37B2BDCD24</string>
			<key>targetProxy</key>
			<string>C8438B62BF8D8270E0EC3171</string>
		</dict>
		<key>C9665E446CEE5BF019734CC9</key>
		<dict>
			<key>isa</key>
			<string>PBXBuildFile</string>
			<key>fileRef</key>
			<string>1B4377CE50B6A08B9B099E6A</string>
			<key>settings</key>
			<dict>
				<key>ATTRIBUTES</key>
				<array>
					<string>RemoveHeadersOnCopy</string>
				</array>
			</dict>
		</dict>
		<key>668CA843D4FFC2BFA222D2B0</key>
		<dict>
			<key>isa</key>
			<string>PBXContainerItemProxy</string>
			<key>containerPortal</key>
			<string>985959785319747668373CC6</string>
			<key>proxyType</key>
			<integer>1</integer>
			<key>remoteGlobalIDString</key>
			<string>6D8226107B9C01EE0FF60DA2</string>
			<key>remoteInfo</key>
			<string>AdBlockerWebExtension-iOS</string>
		</dict>
		<key>51B1605FE899A47E016D3916</key>
		<dict>
			<key>isa</key>
			<string>PBXTargetDependency</string>
			<key>target</key>
			<string>6D8226107B9C01EE0FF60DA2</string>
			<key>targetProxy</key>
			<string>668CA843D4FFC2BFA222D2B0</string>
		</dict>
		<key>577A1D9FCE3818C076460EEC</key>
		<dict>
			<key>isa</key>
			<string>PBXBuildFile</string>
			<key>fileRef</key>
			<string>EB080DCAED9ABD0818CE84A1</string>
			<key>settings</key>
			<dict>
				<key>ATTRIBUTES</key>
				<array>
					<string>RemoveHeadersOnCopy</string>
				</array>
			</dict>
		</dict>
		<key>1C99C7CE8477F0E824CD3D7E</key>
		<dict>
			<key>isa</key>
			<string>PBXCopyFilesBuildPhase</string>
			<key>buildActionMask</key>
			<integer>2147483647</integer>
			<key>dstPath</key>
			<string></string>
			<key>dstSubfolderSpec</key>
			<integer>13</integer>
			<key>files</key>
			<array>
				<string>C9665E446CEE5BF019734CC9</string>
				<string>577A1D9FCE3818C076460EEC</string>
			</array>
			<key>name</key>
			<string>Embed App Extensions</string>
			<key>runOnlyForDeploymentPostprocessing</key>
			<integer>0</integer>
		</dict>
		<key>DF533303ADBEB8DC9FAA96F9</key>
		<dict>
			<key>isa</key>
			<string>XCBuildConfiguration</string>
			<key>name</key>
			<string>Debug</string>
			<key>buildSettings</key>
			<dict>
				<key>PRODUCT_NAME</key>
				<string>Ad Blocker</string>
				<key>PRODUCT_BUNDLE_IDENTIFIER</key>
				<string>org.local.adblocker.ios</string>
				<key>SWIFT_VERSION</key>
				<string>5.0</string>
				<key>SDKROOT</key>
				<string>iphoneos</string>
				<key>INFOPLIST_FILE</key>
				<string>Configuration/iOS-App-Info.plist</string>
				<key>GENERATE_INFOPLIST_FILE</key>
				<string>NO</string>
				<key>CODE_SIGN_ENTITLEMENTS</key>
				<string>Configuration/iOS-App.entitlements</string>
				<key>CODE_SIGN_STYLE</key>
				<string>Automatic</string>
				<key>CODE_SIGN_IDENTITY</key>
				<string>Apple Development</string>
				<key>ENABLE_HARDENED_RUNTIME</key>
				<string>YES</string>
				<key>CLANG_ENABLE_MODULES</key>
				<string>YES</string>
				<key>LD_RUNPATH_SEARCH_PATHS</key>
				<array>
					<string>$(inherited)</string>
					<string>@executable_path/Frameworks</string>
				</array>
				<key>IPHONEOS_DEPLOYMENT_TARGET</key>
				<string>17.0</string>
				<key>SKIP_INSTALL</key>
				<string>NO</string>
				<key>TARGETED_DEVICE_FAMILY</key>
				<string>1,2</string>
				<key>SUPPORTS_MACCATALYST</key>
				<string>NO</string>
				<key>SWIFT_OPTIMIZATION_LEVEL</key>
				<string>-Onone</string>
				<key>ONLY_ACTIVE_ARCH</key>
				<string>YES</string>
			</dict>
		</dict>
		<key>B1B2A01FB6440A6BBBFFD9AC</key>
		<dict>
			<key>isa</key>
			<string>XCBuildConfiguration</string>
			<key>name</key>
			<string>Release</string>
			<key>buildSettings</key>
			<dict>
				<key>PRODUCT_NAME</key>
				<string>Ad Blocker</string>
				<key>PRODUCT_BUNDLE_IDENTIFIER</key>
				<string>org.local.adblocker.ios</string>
				<key>SWIFT_VERSION</key>
				<string>5.0</string>
				<key>SDKROOT</key>
				<string>iphoneos</string>
				<key>INFOPLIST_FILE</key>
				<string>Configuration/iOS-App-Info.plist</string>
				<key>GENERATE_INFOPLIST_FILE</key>
				<string>NO</string>
				<key>CODE_SIGN_ENTITLEMENTS</key>
				<string>Configuration/iOS-App.entitlements</string>
				<key>CODE_SIGN_STYLE</key>
				<string>Automatic</string>
				<key>CODE_SIGN_IDENTITY</key>
				<string>Apple Development</string>
				<key>ENABLE_HARDENED_RUNTIME</key>
				<string>YES</string>
				<key>CLANG_ENABLE_MODULES</key>
				<string>YES</string>
				<key>LD_RUNPATH_SEARCH_PATHS</key>
				<array>
					<string>$(inherited)</string>
					<string>@executable_path/Frameworks</string>
				</array>
				<key>IPHONEOS_DEPLOYMENT_TARGET</key>
				<string>17.0</string>
				<key>SKIP_INSTALL</key>
				<string>NO</string>
				<key>TARGETED_DEVICE_FAMILY</key>
				<string>1,2</string>
				<key>SUPPORTS_MACCATALYST</key>
				<string>NO</string>
				<key>SWIFT_OPTIMIZATION_LEVEL</key>
				<string>-O</string>
				<key>ONLY_ACTIVE_ARCH</key>
				<string>NO</string>
			</dict>
		</dict>
		<key>DA29E6700F5D65A68CB0F5DA</key>
		<dict>
			<key>isa</key>
			<string>XCConfigurationList</string>
			<key>buildConfigurations</key>
			<array>
				<string>DF533303ADBEB8DC9FAA96F9</string>
				<string>B1B2A01FB6440A6BBBFFD9AC</string>
			</array>
			<key>defaultConfigurationIsVisible</key>
			<integer>0</integer>
			<key>defaultConfigurationName</key>
			<string>Debug</string>
		</dict>
		<key>E374D19C2FA60CE3380743A1</key>
		<dict>
			<key>isa</key>
			<string>PBXNativeTarget</string>
			<key>name</key>
			<string>AdBlocker-iOS</string>
			<key>productName</key>
			<string>Ad Blocker</string>
			<key>productReference</key>
			<string>83BCCF622A1A1B6C715D87E9</string>
			<key>productType</key>
			<string>com.apple.product-type.application</string>
			<key>buildConfigurationList</key>
			<string>DA29E6700F5D65A68CB0F5DA</string>
			<key>buildPhases</key>
			<array>
				<string>C03B347FBD496EF1C8515E0A</string>
				<string>59986B7F5D4CD867D29CB272</string>
				<string>905DCFC84D623D6CD15F4CC1</string>
				<string>1C99C7CE8477F0E824CD3D7E</string>
			</array>
			<key>buildRules</key>
			<array/>
			<key>dependencies</key>
			<array>
				<string>7ACB27DDEE34DD3364929A33</string>
				<string>51B1605FE899A47E016D3916</string>
			</array>
			<key>packageProductDependencies</key>
			<array/>
		</dict>
		<key>4EDC8BFAFC6BD936B849F38C</key>
		<dict>
			<key>isa</key>
			<string>PBXGroup</string>
			<key>children</key>
			<array>
				<string>CA73AA568B79A9F19ED1A196</string>
				<string>42F0013AAC467E0B7A78841E</string>
				<string>DEB985F23949D6E3AC0F6E4B</string>
				<string>1B4377CE50B6A08B9B099E6A</string>
				<string>EB080DCAED9ABD0818CE84A1</string>
				<string>83BCCF622A1A1B6C715D87E9</string>
			</array>
			<key>name</key>
			<string>Products</string>
			<key>sourceTree</key>
			<string>&lt;group&gt;</string>
		</dict>
		<key>97A63A01E61FD439E8760B8E</key>
		<dict>
			<key>isa</key>
			<string>PBXGroup</string>
			<key>children</key>
			<array>
				<string>75B026537BEE8AD767634C3C</string>
				<string>04AB4DE0F2A872ED9A61B6A0</string>
				<string>F176202532C5A65E19D320EB</string>
				<string>979B155B26926C34E0B349DE</string>
				<string>64C15C758CA59D66029F90F6</string>
				<string>3284F45779E1A5C1A1D8FA70</string>
				<string>162A0AF17EAD35DB15BA8554</string>
				<string>05D4EA1D6C0FFC36927A0459</string>
				<string>D2CE934BA3BD47EACA167AB3</string>
				<string>6132B17002769460484FB7C0</string>
				<string>11863230F22C5268BC92ECBE</string>
				<string>EC9548EE4571E61D0BACA252</string>
				<string>EE0A891810A7FF7B2192B28F</string>
				<string>EE0D8635B56C76D17FAD2A0C</string>
				<string>BDB5CAE59928803BD7B94E81</string>
				<string>FDF8B5DEBF9C89396C9CA4A8</string>
				<string>FA6BDF51369E5A7139A12022</string>
				<string>BD98323BCDCC2DD6CA5D5E87</string>
				<string>1929F2F40162BAF33D4A074C</string>
				<string>859F44E2E8C3422A62E1EEC6</string>
				<string>23A83624066178B9931533C3</string>
				<string>EED181E76A24689E87E1A659</string>
				<string>1E881ECF2862D01E6E5BC2B8</string>
				<string>10F5FDB2852C0100A1CE516E</string>
				<string>9BE42A24B24BDCA3AD02E4BE</string>
				<string>AEEBE5126D54A0DDC3E3C14A</string>
				<string>FC6CD4A7B6E34D1315E4DDEF</string>
				<string>4EDC8BFAFC6BD936B849F38C</string>
			</array>
			<key>sourceTree</key>
			<string>&lt;group&gt;</string>
		</dict>
		<key>433548979C024CC63B5F3B8D</key>
		<dict>
			<key>isa</key>
			<string>XCBuildConfiguration</string>
			<key>name</key>
			<string>Debug</string>
			<key>buildSettings</key>
			<dict>
				<key>CLANG_ENABLE_MODULES</key>
				<string>YES</string>
				<key>SWIFT_OPTIMIZATION_LEVEL</key>
				<string>-Onone</string>
				<key>ONLY_ACTIVE_ARCH</key>
				<string>YES</string>
			</dict>
		</dict>
		<key>B800A40FDE6F0A0218D9BCD2</key>
		<dict>
			<key>isa</key>
			<string>XCBuildConfiguration</string>
			<key>name</key>
			<string>Release</string>
			<key>buildSettings</key>
			<dict>
				<key>CLANG_ENABLE_MODULES</key>
				<string>YES</string>
				<key>SWIFT_OPTIMIZATION_LEVEL</key>
				<string>-O</string>
				<key>ONLY_ACTIVE_ARCH</key>
				<string>NO</string>
			</dict>
		</dict>
		<key>3C05BEEE7303EE3FA7B250FA</key>
		<dict>
			<key>isa</key>
			<string>XCConfigurationList</string>
			<key>buildConfigurations</key>
			<array>
				<string>433548979C024CC63B5F3B8D</string>
				<string>B800A40FDE6F0A0218D9BCD2</string>
			</array>
			<key>defaultConfigurationIsVisible</key>
			<integer>0</integer>
			<key>defaultConfigurationName</key>
			<string>Debug</string>
		</dict>
		<key>985959785319747668373CC6</key>
		<dict>
			<key>isa</key>
			<string>PBXProject</string>
			<key>attributes</key>
			<dict>
				<key>LastUpgradeCheck</key>
				<string>2700</string>
				<key>BuildIndependentTargetsInParallel</key>
				<string>YES</string>
			</dict>
			<key>buildConfigurationList</key>
			<string>3C05BEEE7303EE3FA7B250FA</string>
			<key>compatibilityVersion</key>
			<string>Xcode 14.0</string>
			<key>developmentRegion</key>
			<string>hu</string>
			<key>hasScannedForEncodings</key>
			<integer>0</integer>
			<key>knownRegions</key>
			<array>
				<string>hu</string>
				<string>en</string>
				<string>Base</string>
			</array>
			<key>mainGroup</key>
			<string>97A63A01E61FD439E8760B8E</string>
			<key>productRefGroup</key>
			<string>4EDC8BFAFC6BD936B849F38C</string>
			<key>projectDirPath</key>
			<string></string>
			<key>projectRoot</key>
			<string></string>
			<key>targets</key>
			<array>
				<string>0AF12E42104EE84487E1610B</string>
				<string>4F403FDF66C4313A7C86C337</string>
				<string>DD1D824F2D1835D0A6F50137</string>
				<string>848455B6ACA4DA37B2BDCD24</string>
				<string>6D8226107B9C01EE0FF60DA2</string>
				<string>E374D19C2FA60CE3380743A1</string>
			</array>
			<key>packageReferences</key>
			<array>
				<string>F29DAEAC0F2945A3C327F3B1</string>
			</array>
		</dict>
	</dict>
	<key>rootObject</key>
	<string>985959785319747668373CC6</string>
</dict>
</plist>
